<?xml version="1.0" encoding="utf-8"?>
<Project ToolsVersion="4.0" xmlns="http://schemas.microsoft.com/developer/msbuild/2003">
  <ItemGroup>
    <Filter Include="Исходные файлы">
      <UniqueIdentifier>{4FC737F1-C7A5-4376-A066-2A32D752A2FF}</UniqueIdentifier>
      <Extensions>cpp;c;cc;cxx;def;odl;idl;hpj;bat;asm;asmx</Extensions>
    </Filter>
    <Filter Include="Файлы заголовков">
      <UniqueIdentifier>{93995380-89BD-4b04-88EB-625FBE52EBFB}</UniqueIdentifier>
      <Extensions>h;hh;hpp;hxx;hm;inl;inc;ipp;xsd</Extensions>
    </Filter>
    <Filter Include="Файлы ресурсов">
      <UniqueIdentifier>{67DA6AB6-F800-4c08-8B7A-83BB121AAD01}</UniqueIdentifier>
      <Extensions>rc;ico;cur;bmp;dlg;rc2;rct;bin;rgs;gif;jpg;jpeg;jpe;resx;tiff;tif;png;wav;mfcribbon-ms</Extensions>
    </Filter>
    <Filter Include="Файлы заголовков\Scene">
      <UniqueIdentifier>{820f7e34-0f47-4416-a5be-01919a87e8ee}</UniqueIdentifier>
    </Filter>
    <Filter Include="Файлы заголовков\Graphics">
      <UniqueIdentifier>{d9e10f4f-d26f-42c5-8809-925014cc3d51}</UniqueIdentifier>
    </Filter>
    <Filter Include="Исходные файлы\Scene">
      <UniqueIdentifier>{152f84b3-0762-4862-ae81-b426466ea239}</UniqueIdentifier>
    </Filter>
    <Filter Include="Исходные файлы\Graphic">
      <UniqueIdentifier>{29f4f0b1-ecec-46c4-91c8-ad29535024b4}</UniqueIdentifier>
    </Filter>
    <Filter Include="Исходные файлы\Gameplay">
      <UniqueIdentifier>{5b4aec6f-d740-4fef-a5e9-0397a48eae98}</UniqueIdentifier>
    </Filter>
    <Filter Include="Файлы заголовков\Gameplay">
      <UniqueIdentifier>{b0627d9f-2b34-4c0b-bbfe-bdf450d0a752}</UniqueIdentifier>
    </Filter>
    <Filter Include="Файлы заголовков\Gameplay\Colliders">
      <UniqueIdentifier>{9d50c6af-2b8a-4310-aff4-b560cd091f1f}</UniqueIdentifier>
    </Filter>
    <Filter Include="Файлы заголовков\Gameplay\Gameobjects">
      <UniqueIdentifier>{adad214e-acb2-4057-a365-a30452d9b310}</UniqueIdentifier>
    </Filter>
    <Filter Include="Исходные файлы\Gameplay\Gameobjects">
      <UniqueIdentifier>{35944a23-7dac-4791-a6b1-ea21377dc642}</UniqueIdentifier>
    </Filter>
    <Filter Include="Исходные файлы\Gameplay\Colliders">
      <UniqueIdentifier>{65d9d8dc-e9cb-4907-a22d-288721b9292d}</UniqueIdentifier>
    </Filter>
    <Filter Include="Файлы заголовков\Managers">
      <UniqueIdentifier>{70c433ed-3a4f-4ccd-8694-09386d263bac}</UniqueIdentifier>
    </Filter>
    <Filter Include="Исходные файлы\Managers">
      <UniqueIdentifier>{1c3328da-0d71-4baa-959d-f56f3de98f5f}</UniqueIdentifier>
    </Filter>
    <Filter Include="Файлы заголовков\Utility">
      <UniqueIdentifier>{8f006fe5-a5fb-40ac-abc3-d3d7e4aba129}</UniqueIdentifier>
    </Filter>
    <Filter Include="Исходные файлы\Utility">
      <UniqueIdentifier>{84bdcc77-a776-428c-b982-4f3c8ac72389}</UniqueIdentifier>
    </Filter>
  </ItemGroup>
  <ItemGroup>
    <ClCompile Include="Game\Bullets\BulletB.cpp">
      <Filter>Исходные файлы\Gameplay\Gameobjects</Filter>
    </ClCompile>
    <ClCompile Include="Game\Bullets\BulletC.cpp">
      <Filter>Исходные файлы\Gameplay\Gameobjects</Filter>
    </ClCompile>
    <ClCompile Include="Game\Bullets\Bullet.cpp">
      <Filter>Исходные файлы\Gameplay\Gameobjects</Filter>
    </ClCompile>
    <ClCompile Include="Game\Bullets\BulletA.cpp">
      <Filter>Исходные файлы\Gameplay\Gameobjects</Filter>
    </ClCompile>
    <ClCompile Include="Game\Players\Player.cpp">
      <Filter>Исходные файлы\Gameplay\Gameobjects</Filter>
    </ClCompile>
    <ClCompile Include="Engine\Colliders\Collider.cpp">
      <Filter>Исходные файлы\Gameplay\Colliders</Filter>
    </ClCompile>
    <ClCompile Include="Engine\Control\InputManager.cpp">
      <Filter>Исходные файлы\Managers</Filter>
    </ClCompile>
    <ClCompile Include="Engine\Gameplay\Gamefield.cpp">
      <Filter>Исходные файлы\Gameplay</Filter>
    </ClCompile>
    <ClCompile Include="Engine\Gameplay\GameManager.cpp">
      <Filter>Исходные файлы\Managers</Filter>
    </ClCompile>
    <ClCompile Include="Engine\Gameplay\Gameobject.cpp">
      <Filter>Исходные файлы\Gameplay\Gameobjects</Filter>
    </ClCompile>
    <ClCompile Include="Engine\Graphics\GraphicManager.cpp">
      <Filter>Исходные файлы\Graphic</Filter>
    </ClCompile>
    <ClCompile Include="Engine\Graphics\DrawData.cpp">
      <Filter>Исходные файлы\Graphic</Filter>
    </ClCompile>
    <ClCompile Include="Engine\Scene managment\Scene.cpp">
      <Filter>Исходные файлы\Scene</Filter>
    </ClCompile>
    <ClCompile Include="Engine\Scene managment\SceneManager.cpp">
      <Filter>Исходные файлы\Managers</Filter>
    </ClCompile>
    <ClCompile Include="Engine\Time\TimeManager.cpp">
      <Filter>Исходные файлы\Managers</Filter>
    </ClCompile>
    <ClCompile Include="Engine\Utility\Coordinate.cpp">
      <Filter>Исходные файлы\Utility</Filter>
    </ClCompile>
    <ClCompile Include="Engine\Start.cpp">
      <Filter>Исходные файлы</Filter>
    </ClCompile>
    <ClCompile Include="Scenes\GameplayScene.cpp">
      <Filter>Исходные файлы\Scene</Filter>
    </ClCompile>
    <ClCompile Include="Scenes\MainMenuScene.cpp">
      <Filter>Исходные файлы\Scene</Filter>
    </ClCompile>
    <ClCompile Include="Scenes\CharacterChooseScene.cpp">
      <Filter>Исходные файлы\Scene</Filter>
    </ClCompile>
  </ItemGroup>
  <ItemGroup>
    <ClInclude Include="Game\Bullets\BulletB.h">
      <Filter>Файлы заголовков\Gameplay\Gameobjects</Filter>
    </ClInclude>
    <ClInclude Include="Game\Bullets\BulletC.h">
      <Filter>Файлы заголовков\Gameplay\Gameobjects</Filter>
    </ClInclude>
    <ClInclude Include="Game\Bullets\Bullet.h">
      <Filter>Файлы заголовков\Gameplay\Gameobjects</Filter>
    </ClInclude>
    <ClInclude Include="Game\Bullets\BulletA.h">
      <Filter>Файлы заголовков\Gameplay\Gameobjects</Filter>
    </ClInclude>
    <ClInclude Include="Game\Players\Player.h">
      <Filter>Файлы заголовков\Gameplay\Gameobjects</Filter>
    </ClInclude>
    <ClInclude Include="Engine\Colliders\Collider.h">
      <Filter>Файлы заголовков\Gameplay\Colliders</Filter>
    </ClInclude>
    <ClInclude Include="Engine\Control\InputManager.h">
      <Filter>Файлы заголовков\Managers</Filter>
    </ClInclude>
    <ClInclude Include="Engine\Gameplay\Gamefield.h">
      <Filter>Файлы заголовков\Gameplay</Filter>
    </ClInclude>
    <ClInclude Include="Engine\Gameplay\GameManager.h">
      <Filter>Файлы заголовков\Managers</Filter>
    </ClInclude>
    <ClInclude Include="Engine\Gameplay\Gameobject.h">
      <Filter>Файлы заголовков\Gameplay\Gameobjects</Filter>
    </ClInclude>
    <ClInclude Include="Engine\Gameplay\ObjectsArray.h">
      <Filter>Файлы заголовков\Gameplay</Filter>
    </ClInclude>
    <ClInclude Include="Engine\Graphics\GraphicManager.h">
      <Filter>Файлы заголовков\Graphics</Filter>
    </ClInclude>
    <ClInclude Include="Engine\Graphics\DrawData.h">
      <Filter>Файлы заголовков\Graphics</Filter>
    </ClInclude>
    <ClInclude Include="Engine\Scene managment\Scene.h">
      <Filter>Файлы заголовков\Scene</Filter>
    </ClInclude>
    <ClInclude Include="Engine\Scene managment\SceneManager.h">
      <Filter>Файлы заголовков\Managers</Filter>
    </ClInclude>
    <ClInclude Include="Engine\Time\TimeManager.h">
      <Filter>Файлы заголовков\Managers</Filter>
    </ClInclude>
    <ClInclude Include="Engine\Utility\Coordinate.h">
      <Filter>Файлы заголовков\Utility</Filter>
    </ClInclude>
    <ClInclude Include="Scenes\MainMenuScene.h">
      <Filter>Файлы заголовков\Scene</Filter>
    </ClInclude>
    <ClInclude Include="Scenes\CharacterChooseScene.h">
      <Filter>Файлы заголовков\Scene</Filter>
    </ClInclude>
    <ClInclude Include="Scenes\GameplayScene.h">
      <Filter>Файлы заголовков\Scene</Filter>
    </ClInclude>
  </ItemGroup>
</Project>